// !$*UTF8*$!
{
	archiveVersion = 1;
	classes = {
	};
	objectVersion = 50;
	objects = {

/* Begin PBXBuildFile section */
		22348DFB21C85E54003DF22E /* AppDelegate.swift in Sources */ = {isa = PBXBuildFile; fileRef = 22348DFA21C85E54003DF22E /* AppDelegate.swift */; };
		22348DFD21C85E54003DF22E /* GameScene.sks in Resources */ = {isa = PBXBuildFile; fileRef = 22348DFC21C85E54003DF22E /* GameScene.sks */; };
		22348DFF21C85E54003DF22E /* Actions.sks in Resources */ = {isa = PBXBuildFile; fileRef = 22348DFE21C85E54003DF22E /* Actions.sks */; };
		22348E0121C85E54003DF22E /* GameScene.swift in Sources */ = {isa = PBXBuildFile; fileRef = 22348E0021C85E54003DF22E /* GameScene.swift */; };
		22348E0321C85E54003DF22E /* GameViewController.swift in Sources */ = {isa = PBXBuildFile; fileRef = 22348E0221C85E54003DF22E /* GameViewController.swift */; };
		22348E0621C85E54003DF22E /* Main.storyboard in Resources */ = {isa = PBXBuildFile; fileRef = 22348E0421C85E54003DF22E /* Main.storyboard */; };
		22348E0821C85E55003DF22E /* Assets.xcassets in Resources */ = {isa = PBXBuildFile; fileRef = 22348E0721C85E55003DF22E /* Assets.xcassets */; };
		22348E0B21C85E55003DF22E /* LaunchScreen.storyboard in Resources */ = {isa = PBXBuildFile; fileRef = 22348E0921C85E55003DF22E /* LaunchScreen.storyboard */; };
		22348E1621C85E55003DF22E /* flappybirdTests.swift in Sources */ = {isa = PBXBuildFile; fileRef = 22348E1521C85E55003DF22E /* flappybirdTests.swift */; };
		22348E2121C85E55003DF22E /* flappybirdUITests.swift in Sources */ = {isa = PBXBuildFile; fileRef = 22348E2021C85E55003DF22E /* flappybirdUITests.swift */; };
/* End PBXBuildFile section */

/* Begin PBXContainerItemProxy section */
		22348E1221C85E55003DF22E /* PBXContainerItemProxy */ = {
			isa = PBXContainerItemProxy;
			containerPortal = 22348DEF21C85E54003DF22E /* Project object */;
			proxyType = 1;
			remoteGlobalIDString = 22348DF621C85E54003DF22E;
			remoteInfo = flappybird;
		};
		22348E1D21C85E55003DF22E /* PBXContainerItemProxy */ = {
			isa = PBXContainerItemProxy;
			containerPortal = 22348DEF21C85E54003DF22E /* Project object */;
			proxyType = 1;
			remoteGlobalIDString = 22348DF621C85E54003DF22E;
			remoteInfo = flappybird;
		};
/* End PBXContainerItemProxy section */

/* Begin PBXFileReference section */
		22348DF721C85E54003DF22E /* flappybird.app */ = {isa = PBXFileReference; explicitFileType = wrapper.application; includeInIndex = 0; path = flappybird.app; sourceTree = BUILT_PRODUCTS_DIR; };
		22348DFA21C85E54003DF22E /* AppDelegate.swift */ = {isa = PBXFileReference; lastKnownFileType = sourcecode.swift; path = AppDelegate.swift; sourceTree = "<group>"; };
		22348DFC21C85E54003DF22E /* GameScene.sks */ = {isa = PBXFileReference; lastKnownFileType = file.sks; path = GameScene.sks; sourceTree = "<group>"; };
		22348DFE21C85E54003DF22E /* Actions.sks */ = {isa = PBXFileReference; lastKnownFileType = file.sks; path = Actions.sks; sourceTree = "<group>"; };
		22348E0021C85E54003DF22E /* GameScene.swift */ = {isa = PBXFileReference; lastKnownFileType = sourcecode.swift; path = GameScene.swift; sourceTree = "<group>"; };
		22348E0221C85E54003DF22E /* GameViewController.swift */ = {isa = PBXFileReference; lastKnownFileType = sourcecode.swift; path = GameViewController.swift; sourceTree = "<group>"; };
		22348E0521C85E54003DF22E /* Base */ = {isa = PBXFileReference; lastKnownFileType = file.storyboard; name = Base; path = Base.lproj/Main.storyboard; sourceTree = "<group>"; };
		22348E0721C85E55003DF22E /* Assets.xcassets */ = {isa = PBXFileReference; lastKnownFileType = folder.assetcatalog; path = Assets.xcassets; sourceTree = "<group>"; };
		22348E0A21C85E55003DF22E /* Base */ = {isa = PBXFileReference; lastKnownFileType = file.storyboard; name = Base; path = Base.lproj/LaunchScreen.storyboard; sourceTree = "<group>"; };
		22348E0C21C85E55003DF22E /* Info.plist */ = {isa = PBXFileReference; lastKnownFileType = text.plist.xml; path = Info.plist; sourceTree = "<group>"; };
		22348E1121C85E55003DF22E /* flappybirdTests.xctest */ = {isa = PBXFileReference; explicitFileType = wrapper.cfbundle; includeInIndex = 0; path = flappybirdTests.xctest; sourceTree = BUILT_PRODUCTS_DIR; };
		22348E1521C85E55003DF22E /* flappybirdTests.swift */ = {isa = PBXFileReference; lastKnownFileType = sourcecode.swift; path = flappybirdTests.swift; sourceTree = "<group>"; };
		22348E1721C85E55003DF22E /* Info.plist */ = {isa = PBXFileReference; lastKnownFileType = text.plist.xml; path = Info.plist; sourceTree = "<group>"; };
		22348E1C21C85E55003DF22E /* flappybirdUITests.xctest */ = {isa = PBXFileReference; explicitFileType = wrapper.cfbundle; includeInIndex = 0; path = flappybirdUITests.xctest; sourceTree = BUILT_PRODUCTS_DIR; };
		22348E2021C85E55003DF22E /* flappybirdUITests.swift */ = {isa = PBXFileReference; lastKnownFileType = sourcecode.swift; path = flappybirdUITests.swift; sourceTree = "<group>"; };
		22348E2221C85E55003DF22E /* Info.plist */ = {isa = PBXFileReference; lastKnownFileType = text.plist.xml; path = Info.plist; sourceTree = "<group>"; };
/* End PBXFileReference section */

/* Begin PBXFrameworksBuildPhase section */
		22348DF421C85E54003DF22E /* Frameworks */ = {
			isa = PBXFrameworksBuildPhase;
			buildActionMask = 2147483647;
			files = (
			);
			runOnlyForDeploymentPostprocessing = 0;
		};
		22348E0E21C85E55003DF22E /* Frameworks */ = {
			isa = PBXFrameworksBuildPhase;
			buildActionMask = 2147483647;
			files = (
			);
			runOnlyForDeploymentPostprocessing = 0;
		};
		22348E1921C85E55003DF22E /* Frameworks */ = {
			isa = PBXFrameworksBuildPhase;
			buildActionMask = 2147483647;
			files = (
			);
			runOnlyForDeploymentPostprocessing = 0;
		};
/* End PBXFrameworksBuildPhase section */

/* Begin PBXGroup section */
		22348DEE21C85E54003DF22E = {
			isa = PBXGroup;
			children = (
				22348DF921C85E54003DF22E /* flappybird */,
				22348E1421C85E55003DF22E /* flappybirdTests */,
				22348E1F21C85E55003DF22E /* flappybirdUITests */,
				22348DF821C85E54003DF22E /* Products */,
			);
			sourceTree = "<group>";
		};
		22348DF821C85E54003DF22E /* Products */ = {
			isa = PBXGroup;
			children = (
				22348DF721C85E54003DF22E /* flappybird.app */,
				22348E1121C85E55003DF22E /* flappybirdTests.xctest */,
				22348E1C21C85E55003DF22E /* flappybirdUITests.xctest */,
			);
			name = Products;
			sourceTree = "<group>";
		};
		22348DF921C85E54003DF22E /* flappybird */ = {
			isa = PBXGroup;
			children = (
				22348DFA21C85E54003DF22E /* AppDelegate.swift */,
				22348DFC21C85E54003DF22E /* GameScene.sks */,
				22348DFE21C85E54003DF22E /* Actions.sks */,
				22348E0021C85E54003DF22E /* GameScene.swift */,
				22348E0221C85E54003DF22E /* GameViewController.swift */,
				22348E0421C85E54003DF22E /* Main.storyboard */,
				22348E0721C85E55003DF22E /* Assets.xcassets */,
				22348E0921C85E55003DF22E /* LaunchScreen.storyboard */,
				22348E0C21C85E55003DF22E /* Info.plist */,
			);
			path = flappybird;
			sourceTree = "<group>";
		};
		22348E1421C85E55003DF22E /* flappybirdTests */ = {
			isa = PBXGroup;
			children = (
				22348E1521C85E55003DF22E /* flappybirdTests.swift */,
				22348E1721C85E55003DF22E /* Info.plist */,
			);
			path = flappybirdTests;
			sourceTree = "<group>";
		};
		22348E1F21C85E55003DF22E /* flappybirdUITests */ = {
			isa = PBXGroup;
			children = (
				22348E2021C85E55003DF22E /* flappybirdUITests.swift */,
				22348E2221C85E55003DF22E /* Info.plist */,
			);
			path = flappybirdUITests;
			sourceTree = "<group>";
		};
/* End PBXGroup section */

/* Begin PBXNativeTarget section */
		22348DF621C85E54003DF22E /* flappybird */ = {
			isa = PBXNativeTarget;
			buildConfigurationList = 22348E2521C85E55003DF22E /* Build configuration list for PBXNativeTarget "flappybird" */;
			buildPhases = (
				22348DF321C85E54003DF22E /* Sources */,
				22348DF421C85E54003DF22E /* Frameworks */,
				22348DF521C85E54003DF22E /* Resources */,
			);
			buildRules = (
			);
			dependencies = (
			);
			name = flappybird;
			productName = flappybird;
			productReference = 22348DF721C85E54003DF22E /* flappybird.app */;
			productType = "com.apple.product-type.application";
		};
		22348E1021C85E55003DF22E /* flappybirdTests */ = {
			isa = PBXNativeTarget;
			buildConfigurationList = 22348E2821C85E55003DF22E /* Build configuration list for PBXNativeTarget "flappybirdTests" */;
			buildPhases = (
				22348E0D21C85E55003DF22E /* Sources */,
				22348E0E21C85E55003DF22E /* Frameworks */,
				22348E0F21C85E55003DF22E /* Resources */,
			);
			buildRules = (
			);
			dependencies = (
				22348E1321C85E55003DF22E /* PBXTargetDependency */,
			);
			name = flappybirdTests;
			productName = flappybirdTests;
			productReference = 22348E1121C85E55003DF22E /* flappybirdTests.xctest */;
			productType = "com.apple.product-type.bundle.unit-test";
		};
		22348E1B21C85E55003DF22E /* flappybirdUITests */ = {
			isa = PBXNativeTarget;
			buildConfigurationList = 22348E2B21C85E55003DF22E /* Build configuration list for PBXNativeTarget "flappybirdUITests" */;
			buildPhases = (
				22348E1821C85E55003DF22E /* Sources */,
				22348E1921C85E55003DF22E /* Frameworks */,
				22348E1A21C85E55003DF22E /* Resources */,
			);
			buildRules = (
			);
			dependencies = (
				22348E1E21C85E55003DF22E /* PBXTargetDependency */,
			);
			name = flappybirdUITests;
			productName = flappybirdUITests;
			productReference = 22348E1C21C85E55003DF22E /* flappybirdUITests.xctest */;
			productType = "com.apple.product-type.bundle.ui-testing";
		};
/* End PBXNativeTarget section */

/* Begin PBXProject section */
		22348DEF21C85E54003DF22E /* Project object */ = {
			isa = PBXProject;
			attributes = {
				LastSwiftUpdateCheck = 1010;
				LastUpgradeCheck = 1010;
				ORGANIZATIONNAME = "Sam DeCosta";
				TargetAttributes = {
					22348DF621C85E54003DF22E = {
						CreatedOnToolsVersion = 10.1;
					};
					22348E1021C85E55003DF22E = {
						CreatedOnToolsVersion = 10.1;
						TestTargetID = 22348DF621C85E54003DF22E;
					};
					22348E1B21C85E55003DF22E = {
						CreatedOnToolsVersion = 10.1;
						TestTargetID = 22348DF621C85E54003DF22E;
					};
				};
			};
			buildConfigurationList = 22348DF221C85E54003DF22E /* Build configuration list for PBXProject "flappybird" */;
			compatibilityVersion = "Xcode 9.3";
			developmentRegion = en;
			hasScannedForEncodings = 0;
			knownRegions = (
				en,
				Base,
			);
			mainGroup = 22348DEE21C85E54003DF22E;
			productRefGroup = 22348DF821C85E54003DF22E /* Products */;
			projectDirPath = "";
			projectRoot = "";
			targets = (
				22348DF621C85E54003DF22E /* flappybird */,
				22348E1021C85E55003DF22E /* flappybirdTests */,
				22348E1B21C85E55003DF22E /* flappybirdUITests */,
			);
		};
/* End PBXProject section */

/* Begin PBXResourcesBuildPhase section */
		22348DF521C85E54003DF22E /* Resources */ = {
			isa = PBXResourcesBuildPhase;
			buildActionMask = 2147483647;
			files = (
				22348E0621C85E54003DF22E /* Main.storyboard in Resources */,
				22348DFD21C85E54003DF22E /* GameScene.sks in Resources */,
				22348E0821C85E55003DF22E /* Assets.xcassets in Resources */,
				22348E0B21C85E55003DF22E /* LaunchScreen.storyboard in Resources */,
				22348DFF21C85E54003DF22E /* Actions.sks in Resources */,
			);
			runOnlyForDeploymentPostprocessing = 0;
		};
		22348E0F21C85E55003DF22E /* Resources */ = {
			isa = PBXResourcesBuildPhase;
			buildActionMask = 2147483647;
			files = (
			);
			runOnlyForDeploymentPostprocessing = 0;
		};
		22348E1A21C85E55003DF22E /* Resources */ = {
			isa = PBXResourcesBuildPhase;
			buildActionMask = 2147483647;
			files = (
			);
			runOnlyForDeploymentPostprocessing = 0;
		};
/* End PBXResourcesBuildPhase section */

/* Begin PBXSourcesBuildPhase section */
		22348DF321C85E54003DF22E /* Sources */ = {
			isa = PBXSourcesBuildPhase;
			buildActionMask = 2147483647;
			files = (
				22348E0121C85E54003DF22E /* GameScene.swift in Sources */,
				22348E0321C85E54003DF22E /* GameViewController.swift in Sources */,
				22348DFB21C85E54003DF22E /* AppDelegate.swift in Sources */,
			);
			runOnlyForDeploymentPostprocessing = 0;
		};
		22348E0D21C85E55003DF22E /* Sources */ = {
			isa = PBXSourcesBuildPhase;
			buildActionMask = 2147483647;
			files = (
				22348E1621C85E55003DF22E /* flappybirdTests.swift in Sources */,
			);
			runOnlyForDeploymentPostprocessing = 0;
		};
		22348E1821C85E55003DF22E /* Sources */ = {
			isa = PBXSourcesBuildPhase;
			buildActionMask = 2147483647;
			files = (
				22348E2121C85E55003DF22E /* flappybirdUITests.swift in Sources */,
			);
			runOnlyForDeploymentPostprocessing = 0;
		};
/* End PBXSourcesBuildPhase section */

/* Begin PBXTargetDependency section */
		22348E1321C85E55003DF22E /* PBXTargetDependency */ = {
			isa = PBXTargetDependency;
			target = 22348DF621C85E54003DF22E /* flappybird */;
			targetProxy = 22348E1221C85E55003DF22E /* PBXContainerItemProxy */;
		};
		22348E1E21C85E55003DF22E /* PBXTargetDependency */ = {
			isa = PBXTargetDependency;
			target = 22348DF621C85E54003DF22E /* flappybird */;
			targetProxy = 22348E1D21C85E55003DF22E /* PBXContainerItemProxy */;
		};
/* End PBXTargetDependency section */

/* Begin PBXVariantGroup section */
		22348E0421C85E54003DF22E /* Main.storyboard */ = {
			isa = PBXVariantGroup;
			children = (
				22348E0521C85E54003DF22E /* Base */,
			);
			name = Main.storyboard;
			sourceTree = "<group>";
		};
		22348E0921C85E55003DF22E /* LaunchScreen.storyboard */ = {
			isa = PBXVariantGroup;
			children = (
				22348E0A21C85E55003DF22E /* Base */,
			);
			name = LaunchScreen.storyboard;
			sourceTree = "<group>";
		};
/* End PBXVariantGroup section */

/* Begin XCBuildConfiguration section */
		22348E2321C85E55003DF22E /* Debug */ = {
			isa = XCBuildConfiguration;
			buildSettings = {
				ALWAYS_SEARCH_USER_PATHS = NO;
				CLANG_ANALYZER_NONNULL = YES;
				CLANG_ANALYZER_NUMBER_OBJECT_CONVERSION = YES_AGGRESSIVE;
				CLANG_CXX_LANGUAGE_STANDARD = "gnu++14";
				CLANG_CXX_LIBRARY = "libc++";
				CLANG_ENABLE_MODULES = YES;
				CLANG_ENABLE_OBJC_ARC = YES;
				CLANG_ENABLE_OBJC_WEAK = YES;
				CLANG_WARN_BLOCK_CAPTURE_AUTORELEASING = YES;
				CLANG_WARN_BOOL_CONVERSION = YES;
				CLANG_WARN_COMMA = YES;
				CLANG_WARN_CONSTANT_CONVERSION = YES;
				CLANG_WARN_DEPRECATED_OBJC_IMPLEMENTATIONS = YES;
				CLANG_WARN_DIRECT_OBJC_ISA_USAGE = YES_ERROR;
				CLANG_WARN_DOCUMENTATION_COMMENTS = YES;
				CLANG_WARN_EMPTY_BODY = YES;
				CLANG_WARN_ENUM_CONVERSION = YES;
				CLANG_WARN_INFINITE_RECURSION = YES;
				CLANG_WARN_INT_CONVERSION = YES;
				CLANG_WARN_NON_LITERAL_NULL_CONVERSION = YES;
				CLANG_WARN_OBJC_IMPLICIT_RETAIN_SELF = YES;
				CLANG_WARN_OBJC_LITERAL_CONVERSION = YES;
				CLANG_WARN_OBJC_ROOT_CLASS = YES_ERROR;
				CLANG_WARN_RANGE_LOOP_ANALYSIS = YES;
				CLANG_WARN_STRICT_PROTOTYPES = YES;
				CLANG_WARN_SUSPICIOUS_MOVE = YES;
				CLANG_WARN_UNGUARDED_AVAILABILITY = YES_AGGRESSIVE;
				CLANG_WARN_UNREACHABLE_CODE = YES;
				CLANG_WARN__DUPLICATE_METHOD_MATCH = YES;
				CODE_SIGN_IDENTITY = "iPhone Developer";
				COPY_PHASE_STRIP = NO;
				DEBUG_INFORMATION_FORMAT = dwarf;
				ENABLE_STRICT_OBJC_MSGSEND = YES;
				ENABLE_TESTABILITY = YES;
				GCC_C_LANGUAGE_STANDARD = gnu11;
				GCC_DYNAMIC_NO_PIC = NO;
				GCC_NO_COMMON_BLOCKS = YES;
				GCC_OPTIMIZATION_LEVEL = 0;
				GCC_PREPROCESSOR_DEFINITIONS = (
					"DEBUG=1",
					"$(inherited)",
				);
				GCC_WARN_64_TO_32_BIT_CONVERSION = YES;
				GCC_WARN_ABOUT_RETURN_TYPE = YES_ERROR;
				GCC_WARN_UNDECLARED_SELECTOR = YES;
				GCC_WARN_UNINITIALIZED_AUTOS = YES_AGGRESSIVE;
				GCC_WARN_UNUSED_FUNCTION = YES;
				GCC_WARN_UNUSED_VARIABLE = YES;
				IPHONEOS_DEPLOYMENT_TARGET = 12.1;
				MTL_ENABLE_DEBUG_INFO = INCLUDE_SOURCE;
				MTL_FAST_MATH = YES;
				ONLY_ACTIVE_ARCH = YES;
				SDKROOT = iphoneos;
				SWIFT_ACTIVE_COMPILATION_CONDITIONS = DEBUG;
				SWIFT_OPTIMIZATION_LEVEL = "-Onone";
			};
			name = Debug;
		};
		22348E2421C85E55003DF22E /* Release */ = {
			isa = XCBuildConfiguration;
			buildSettings = {
				ALWAYS_SEARCH_USER_PATHS = NO;
				CLANG_ANALYZER_NONNULL = YES;
				CLANG_ANALYZER_NUMBER_OBJECT_CONVERSION = YES_AGGRESSIVE;
				CLANG_CXX_LANGUAGE_STANDARD = "gnu++14";
				CLANG_CXX_LIBRARY = "libc++";
				CLANG_ENABLE_MODULES = YES;
				CLANG_ENABLE_OBJC_ARC = YES;
				CLANG_ENABLE_OBJC_WEAK = YES;
				CLANG_WARN_BLOCK_CAPTURE_AUTORELEASING = YES;
				CLANG_WARN_BOOL_CONVERSION = YES;
				CLANG_WARN_COMMA = YES;
				CLANG_WARN_CONSTANT_CONVERSION = YES;
				CLANG_WARN_DEPRECATED_OBJC_IMPLEMENTATIONS = YES;
				CLANG_WARN_DIRECT_OBJC_ISA_USAGE = YES_ERROR;
				CLANG_WARN_DOCUMENTATION_COMMENTS = YES;
				CLANG_WARN_EMPTY_BODY = YES;
				CLANG_WARN_ENUM_CONVERSION = YES;
				CLANG_WARN_INFINITE_RECURSION = YES;
				CLANG_WARN_INT_CONVERSION = YES;
				CLANG_WARN_NON_LITERAL_NULL_CONVERSION = YES;
				CLANG_WARN_OBJC_IMPLICIT_RETAIN_SELF = YES;
				CLANG_WARN_OBJC_LITERAL_CONVERSION = YES;
				CLANG_WARN_OBJC_ROOT_CLASS = YES_ERROR;
				CLANG_WARN_RANGE_LOOP_ANALYSIS = YES;
				CLANG_WARN_STRICT_PROTOTYPES = YES;
				CLANG_WARN_SUSPICIOUS_MOVE = YES;
				CLANG_WARN_UNGUARDED_AVAILABILITY = YES_AGGRESSIVE;
				CLANG_WARN_UNREACHABLE_CODE = YES;
				CLANG_WARN__DUPLICATE_METHOD_MATCH = YES;
				CODE_SIGN_IDENTITY = "iPhone Developer";
				COPY_PHASE_STRIP = NO;
				DEBUG_INFORMATION_FORMAT = "dwarf-with-dsym";
				ENABLE_NS_ASSERTIONS = NO;
				ENABLE_STRICT_OBJC_MSGSEND = YES;
				GCC_C_LANGUAGE_STANDARD = gnu11;
				GCC_NO_COMMON_BLOCKS = YES;
				GCC_WARN_64_TO_32_BIT_CONVERSION = YES;
				GCC_WARN_ABOUT_RETURN_TYPE = YES_ERROR;
				GCC_WARN_UNDECLARED_SELECTOR = YES;
				GCC_WARN_UNINITIALIZED_AUTOS = YES_AGGRESSIVE;
				GCC_WARN_UNUSED_FUNCTION = YES;
				GCC_WARN_UNUSED_VARIABLE = YES;
				IPHONEOS_DEPLOYMENT_TARGET = 12.1;
				MTL_ENABLE_DEBUG_INFO = NO;
				MTL_FAST_MATH = YES;
				SDKROOT = iphoneos;
				SWIFT_COMPILATION_MODE = wholemodule;
				SWIFT_OPTIMIZATION_LEVEL = "-O";
				VALIDATE_PRODUCT = YES;
			};
			name = Release;
		};
		22348E2621C85E55003DF22E /* Debug */ = {
			isa = XCBuildConfiguration;
			buildSettings = {
				ASSETCATALOG_COMPILER_APPICON_NAME = AppIcon;
				CODE_SIGN_IDENTITY = "iPhone Developer";
				CODE_SIGN_STYLE = Automatic;
				DEVELOPMENT_TEAM = KRXMQ84537;
				INFOPLIST_FILE = flappybird/Info.plist;
				LD_RUNPATH_SEARCH_PATHS = (
					"$(inherited)",
					"@executable_path/Frameworks",
				);
				PRODUCT_BUNDLE_IDENTIFIER = com.sam.flappybirdfake;
				PRODUCT_NAME = "$(TARGET_NAME)";
				PROVISIONING_PROFILE_SPECIFIER = "";
				SWIFT_VERSION = 4.2;
				TARGETED_DEVICE_FAMILY = 1;
			};
			name = Debug;
		};
		22348E2721C85E55003DF22E /* Release */ = {
			isa = XCBuildConfiguration;
			buildSettings = {
				ASSETCATALOG_COMPILER_APPICON_NAME = AppIcon;
				CODE_SIGN_IDENTITY = "iPhone Developer";
				CODE_SIGN_STYLE = Automatic;
				DEVELOPMENT_TEAM = KRXMQ84537;
				INFOPLIST_FILE = flappybird/Info.plist;
				LD_RUNPATH_SEARCH_PATHS = (
					"$(inherited)",
					"@executable_path/Frameworks",
				);
				PRODUCT_BUNDLE_IDENTIFIER = com.sam.flappybirdfake;
				PRODUCT_NAME = "$(TARGET_NAME)";
				PROVISIONING_PROFILE_SPECIFIER = "";
				SWIFT_VERSION = 4.2;
				TARGETED_DEVICE_FAMILY = 1;
			};
			name = Release;
		};
		22348E2921C85E55003DF22E /* Debug */ = {
			isa = XCBuildConfiguration;
			buildSettings = {
				ALWAYS_EMBED_SWIFT_STANDARD_LIBRARIES = YES;
				BUNDLE_LOADER = "$(TEST_HOST)";
				CODE_SIGN_STYLE = Automatic;
				INFOPLIST_FILE = flappybirdTests/Info.plist;
				LD_RUNPATH_SEARCH_PATHS = (
					"$(inherited)",
					"@executable_path/Frameworks",
					"@loader_path/Frameworks",
				);
				PRODUCT_BUNDLE_IDENTIFIER = com.sam.flappybirdTests;
				PRODUCT_NAME = "$(TARGET_NAME)";
				SWIFT_VERSION = 4.2;
				TARGETED_DEVICE_FAMILY = "1,2";
				TEST_HOST = "$(BUILT_PRODUCTS_DIR)/flappybird.app/flappybird";
			};
			name = Debug;
		};
		22348E2A21C85E55003DF22E /* Release */ = {
			isa = XCBuildConfiguration;
			buildSettings = {
				ALWAYS_EMBED_SWIFT_STANDARD_LIBRARIES = YES;
				BUNDLE_LOADER = "$(TEST_HOST)";
				CODE_SIGN_STYLE = Automatic;
				INFOPLIST_FILE = flappybirdTests/Info.plist;
				LD_RUNPATH_SEARCH_PATHS = (
					"$(inherited)",
					"@executable_path/Frameworks",
					"@loader_path/Frameworks",
				);
				PRODUCT_BUNDLE_IDENTIFIER = com.sam.flappybirdTests;
				PRODUCT_NAME = "$(TARGET_NAME)";
				SWIFT_VERSION = 4.2;
				TARGETED_DEVICE_FAMILY = "1,2";
				TEST_HOST = "$(BUILT_PRODUCTS_DIR)/flappybird.app/flappybird";
			};
			name = Release;
		};
		22348E2C21C85E55003DF22E /* Debug */ = {
			isa = XCBuildConfiguration;
			buildSettings = {
				ALWAYS_EMBED_SWIFT_STANDARD_LIBRARIES = YES;
				CODE_SIGN_STYLE = Automatic;
				INFOPLIST_FILE = flappybirdUITests/Info.plist;
				LD_RUNPATH_SEARCH_PATHS = (
					"$(inherited)",
					"@executable_path/Frameworks",
					"@loader_path/Frameworks",
				);
				PRODUCT_BUNDLE_IDENTIFIER = com.sam.flappybirdUITests;
				PRODUCT_NAME = "$(TARGET_NAME)";
				SWIFT_VERSION = 4.2;
				TARGETED_DEVICE_FAMILY = "1,2";
				TEST_TARGET_NAME = flappybird;
			};
			name = Debug;
		};
		22348E2D21C85E55003DF22E /* Release */ = {
			isa = XCBuildConfiguration;
			buildSettings = {
				ALWAYS_EMBED_SWIFT_STANDARD_LIBRARIES = YES;
				CODE_SIGN_STYLE = Automatic;
				INFOPLIST_FILE = flappybirdUITests/Info.plist;
				LD_RUNPATH_SEARCH_PATHS = (
					"$(inherited)",
					"@executable_path/Frameworks",
					"@loader_path/Frameworks",
				);
				PRODUCT_BUNDLE_IDENTIFIER = com.sam.flappybirdUITests;
				PRODUCT_NAME = "$(TARGET_NAME)";
				SWIFT_VERSION = 4.2;
				TARGETED_DEVICE_FAMILY = "1,2";
				TEST_TARGET_NAME = flappybird;
			};
			name = Release;
		};
/* End XCBuildConfiguration section */

/* Begin XCConfigurationList section */
		22348DF221C85E54003DF22E /* Build configuration list for PBXProject "flappybird" */ = {
			isa = XCConfigurationList;
			buildConfigurations = (
				22348E2321C85E55003DF22E /* Debug */,
				22348E2421C85E55003DF22E /* Release */,
			);
			defaultConfigurationIsVisible = 0;
			defaultConfigurationName = Release;
		};
		22348E2521C85E55003DF22E /* Build configuration list for PBXNativeTarget "flappybird" */ = {
			isa = XCConfigurationList;
			buildConfigurations = (
				22348E2621C85E55003DF22E /* Debug */,
				22348E2721C85E55003DF22E /* Release */,
			);
			defaultConfigurationIsVisible = 0;
			defaultConfigurationName = Release;
		};
		22348E2821C85E55003DF22E /* Build configuration list for PBXNativeTarget "flappybirdTests" */ = {
			isa = XCConfigurationList;
			buildConfigurations = (
				22348E2921C85E55003DF22E /* Debug */,
				22348E2A21C85E55003DF22E /* Release */,
			);
			defaultConfigurationIsVisible = 0;
			defaultConfigurationName = Release;
		};
		22348E2B21C85E55003DF22E /* Build configuration list for PBXNativeTarget "flappybirdUITests" */ = {
			isa = XCConfigurationList;
			buildConfigurations = (
				22348E2C21C85E55003DF22E /* Debug */,
				22348E2D21C85E55003DF22E /* Release */,
			);
			defaultConfigurationIsVisible = 0;
			defaultConfigurationName = Release;
		};
/* End XCConfigurationList section */
	};
	rootObject = 22348DEF21C85E54003DF22E /* Project object */;
}
